Microsoft Visual Studio Solution File, Format Version 12.00
# Visual Studio Version 17
VisualStudioVersion = 17.5.2.0
MinimumVisualStudioVersion = 10.0.40219.1
Project("{FAE04EC0-301F-11D3-BF4B-00C04F79EFBC}") = "FilmLocations.Api", "FilmLocations.Api.csproj", "{01F6E86B-91A6-3246-FE01-6B7E59D84555}"
EndProject
Global
	GlobalSection(SolutionConfigurationPlatforms) = preSolution
		Debug|Any CPU = Debug|Any CPU
		Release|Any CPU = Release|Any CPU
	EndGlobalSection
	GlobalSection(ProjectConfigurationPlatforms) = postSolution
		{01F6E86B-91A6-3246-FE01-6B7E59D84555}.Debug|Any CPU.ActiveCfg = Debug|Any CPU
		{01F6E86B-91A6-3246-FE01-6B7E59D84555}.Debug|Any CPU.Build.0 = Debug|Any CPU
		{01F6E86B-91A6-3246-FE01-6B7E59D84555}.Release|Any CPU.ActiveCfg = Release|Any CPU
		{01F6E86B-91A6-3246-FE01-6B7E59D84555}.Release|Any CPU.Build.0 = Release|Any CPU
	EndGlobalSection
	GlobalSection(SolutionProperties) = preSolution
		HideSolutionNode = FALSE
	EndGlobalSection
	GlobalSection(ExtensibilityGlobals) = postSolution
		SolutionGuid = {D4A471AD-8A24-427D-BD7E-DAD058352463}
	EndGlobalSection
EndGlobal
